
Microsoft Visual Studio Solution File, Format Version 12.00
# Visual Studio Version 17
VisualStudioVersion = 17.2.32630.192
MinimumVisualStudioVersion = 10.0.40219.1
Project("{FAE04EC0-301F-11D3-BF4B-00C04F79EFBC}") = "CompTask2", "CompTask2\CompTask2.csproj", "{99BB39DA-320D-4C3B-A327-D79CE24C8EB0}"
EndProject
Global
	GlobalSection(SolutionConfigurationPlatforms) = preSolution
		Debug|Any CPU = Debug|Any CPU
		Release|Any CPU = Release|Any CPU
	EndGlobalSection
	GlobalSection(ProjectConfigurationPlatforms) = postSolution
		{99BB39DA-320D-4C3B-A327-D79CE24C8EB0}.Debug|Any CPU.ActiveCfg = Debug|Any CPU
		{99BB39DA-320D-4C3B-A327-D79CE24C8EB0}.Debug|Any CPU.Build.0 = Debug|Any CPU
		{99BB39DA-320D-4C3B-A327-D79CE24C8EB0}.Release|Any CPU.ActiveCfg = Release|Any CPU
		{99BB39DA-320D-4C3B-A327-D79CE24C8EB0}.Release|Any CPU.Build.0 = Release|Any CPU
	EndGlobalSection
	GlobalSection(SolutionProperties) = preSolution
		HideSolutionNode = FALSE
	EndGlobalSection
	GlobalSection(ExtensibilityGlobals) = postSolution
		SolutionGuid = {75AE5938-AD21-48C3-9FD5-24CFCAC3EE0E}
	EndGlobalSection
EndGlobal
